// !$*UTF8*$!
{
	archiveVersion = 1;
	classes = {
	};
	objectVersion = 50;
	objects = {

/* Begin PBXBuildFile section */
		E20295812186D0660038FCE0 /* PrefsViewController.swift in Sources */ = {isa = PBXBuildFile; fileRef = E20295802186D0660038FCE0 /* PrefsViewController.swift */; };
		E20295882186D9A20038FCE0 /* Info.plist in Resources */ = {isa = PBXBuildFile; fileRef = E20295872186D9A10038FCE0 /* Info.plist */; };
		E202958B2186DA240038FCE0 /* EggTimer.swift in Sources */ = {isa = PBXBuildFile; fileRef = E202958A2186DA240038FCE0 /* EggTimer.swift */; };
		E202958D2186F2E10038FCE0 /* Preferences.swift in Sources */ = {isa = PBXBuildFile; fileRef = E202958C2186F2E10038FCE0 /* Preferences.swift */; };
		E202958F2186F8FF0038FCE0 /* ding.mp3 in Resources */ = {isa = PBXBuildFile; fileRef = E202958E2186F8FE0038FCE0 /* ding.mp3 */; };
		E2F9F2082186ABE700407321 /* AppDelegate.swift in Sources */ = {isa = PBXBuildFile; fileRef = E2F9F2072186ABE700407321 /* AppDelegate.swift */; };
		E2F9F20A2186ABE700407321 /* ViewController.swift in Sources */ = {isa = PBXBuildFile; fileRef = E2F9F2092186ABE700407321 /* ViewController.swift */; };
		E2F9F20C2186ABE800407321 /* Assets.xcassets in Resources */ = {isa = PBXBuildFile; fileRef = E2F9F20B2186ABE800407321 /* Assets.xcassets */; };
		E2F9F20F2186ABE800407321 /* Main.storyboard in Resources */ = {isa = PBXBuildFile; fileRef = E2F9F20D2186ABE800407321 /* Main.storyboard */; };
		E2F9F21B2186ABE800407321 /* EggTimerTests.swift in Sources */ = {isa = PBXBuildFile; fileRef = E2F9F21A2186ABE800407321 /* EggTimerTests.swift */; };
/* End PBXBuildFile section */

/* Begin PBXContainerItemProxy section */
		E2F9F2172186ABE800407321 /* PBXContainerItemProxy */ = {
			isa = PBXContainerItemProxy;
			containerPortal = E2F9F1FC2186ABE700407321 /* Project object */;
			proxyType = 1;
			remoteGlobalIDString = E2F9F2032186ABE700407321;
			remoteInfo = EggTimer;
		};
/* End PBXContainerItemProxy section */

/* Begin PBXFileReference section */
		E20295802186D0660038FCE0 /* PrefsViewController.swift */ = {isa = PBXFileReference; lastKnownFileType = sourcecode.swift; path = PrefsViewController.swift; sourceTree = "<group>"; };
		E20295862186D9A10038FCE0 /* EggTimer.entitlements */ = {isa = PBXFileReference; fileEncoding = 4; lastKnownFileType = text.plist.entitlements; path = EggTimer.entitlements; sourceTree = "<group>"; };
		E20295872186D9A10038FCE0 /* Info.plist */ = {isa = PBXFileReference; fileEncoding = 4; lastKnownFileType = text.plist.xml; path = Info.plist; sourceTree = "<group>"; };
		E202958A2186DA240038FCE0 /* EggTimer.swift */ = {isa = PBXFileReference; lastKnownFileType = sourcecode.swift; path = EggTimer.swift; sourceTree = "<group>"; };
		E202958C2186F2E10038FCE0 /* Preferences.swift */ = {isa = PBXFileReference; lastKnownFileType = sourcecode.swift; path = Preferences.swift; sourceTree = "<group>"; };
		E202958E2186F8FE0038FCE0 /* ding.mp3 */ = {isa = PBXFileReference; lastKnownFileType = audio.mp3; path = ding.mp3; sourceTree = "<group>"; };
		E2F9F2042186ABE700407321 /* EggTimer.app */ = {isa = PBXFileReference; explicitFileType = wrapper.application; includeInIndex = 0; path = EggTimer.app; sourceTree = BUILT_PRODUCTS_DIR; };
		E2F9F2072186ABE700407321 /* AppDelegate.swift */ = {isa = PBXFileReference; lastKnownFileType = sourcecode.swift; path = AppDelegate.swift; sourceTree = "<group>"; };
		E2F9F2092186ABE700407321 /* ViewController.swift */ = {isa = PBXFileReference; lastKnownFileType = sourcecode.swift; path = ViewController.swift; sourceTree = "<group>"; };
		E2F9F20B2186ABE800407321 /* Assets.xcassets */ = {isa = PBXFileReference; lastKnownFileType = folder.assetcatalog; path = Assets.xcassets; sourceTree = "<group>"; };
		E2F9F20E2186ABE800407321 /* Base */ = {isa = PBXFileReference; lastKnownFileType = file.storyboard; name = Base; path = Base.lproj/Main.storyboard; sourceTree = "<group>"; };
		E2F9F2162186ABE800407321 /* EggTimerTests.xctest */ = {isa = PBXFileReference; explicitFileType = wrapper.cfbundle; includeInIndex = 0; path = EggTimerTests.xctest; sourceTree = BUILT_PRODUCTS_DIR; };
		E2F9F21A2186ABE800407321 /* EggTimerTests.swift */ = {isa = PBXFileReference; lastKnownFileType = sourcecode.swift; path = EggTimerTests.swift; sourceTree = "<group>"; };
		E2F9F21C2186ABE800407321 /* Info.plist */ = {isa = PBXFileReference; lastKnownFileType = text.plist.xml; path = Info.plist; sourceTree = "<group>"; };
/* End PBXFileReference section */

/* Begin PBXFrameworksBuildPhase section */
		E2F9F2012186ABE700407321 /* Frameworks */ = {
			isa = PBXFrameworksBuildPhase;
			buildActionMask = 2147483647;
			files = (
			);
			runOnlyForDeploymentPostprocessing = 0;
		};
		E2F9F2132186ABE800407321 /* Frameworks */ = {
			isa = PBXFrameworksBuildPhase;
			buildActionMask = 2147483647;
			files = (
			);
			runOnlyForDeploymentPostprocessing = 0;
		};
/* End PBXFrameworksBuildPhase section */

/* Begin PBXGroup section */
		E20295832186D88D0038FCE0 /* vcs */ = {
			isa = PBXGroup;
			children = (
				E2F9F2092186ABE700407321 /* ViewController.swift */,
				E20295802186D0660038FCE0 /* PrefsViewController.swift */,
			);
			path = vcs;
			sourceTree = "<group>";
		};
		E20295852186D9A10038FCE0 /* SupportingFiles */ = {
			isa = PBXGroup;
			children = (
				E20295862186D9A10038FCE0 /* EggTimer.entitlements */,
				E20295872186D9A10038FCE0 /* Info.plist */,
			);
			path = SupportingFiles;
			sourceTree = "<group>";
		};
		E20295892186D9F20038FCE0 /* Model */ = {
			isa = PBXGroup;
			children = (
				E202958A2186DA240038FCE0 /* EggTimer.swift */,
				E202958C2186F2E10038FCE0 /* Preferences.swift */,
			);
			path = Model;
			sourceTree = "<group>";
		};
		E2F9F1FB2186ABE700407321 = {
			isa = PBXGroup;
			children = (
				E2F9F2062186ABE700407321 /* EggTimer */,
				E2F9F2192186ABE800407321 /* EggTimerTests */,
				E2F9F2052186ABE700407321 /* Products */,
			);
			sourceTree = "<group>";
		};
		E2F9F2052186ABE700407321 /* Products */ = {
			isa = PBXGroup;
			children = (
				E2F9F2042186ABE700407321 /* EggTimer.app */,
				E2F9F2162186ABE800407321 /* EggTimerTests.xctest */,
			);
			name = Products;
			sourceTree = "<group>";
		};
		E2F9F2062186ABE700407321 /* EggTimer */ = {
			isa = PBXGroup;
			children = (
				E2F9F2072186ABE700407321 /* AppDelegate.swift */,
				E20295892186D9F20038FCE0 /* Model */,
				E20295832186D88D0038FCE0 /* vcs */,
				E2F9F20D2186ABE800407321 /* Main.storyboard */,
				E202958E2186F8FE0038FCE0 /* ding.mp3 */,
				E2F9F20B2186ABE800407321 /* Assets.xcassets */,
				E20295852186D9A10038FCE0 /* SupportingFiles */,
			);
			path = EggTimer;
			sourceTree = "<group>";
		};
		E2F9F2192186ABE800407321 /* EggTimerTests */ = {
			isa = PBXGroup;
			children = (
				E2F9F21A2186ABE800407321 /* EggTimerTests.swift */,
				E2F9F21C2186ABE800407321 /* Info.plist */,
			);
			path = EggTimerTests;
			sourceTree = "<group>";
		};
/* End PBXGroup section */

/* Begin PBXNativeTarget section */
		E2F9F2032186ABE700407321 /* EggTimer */ = {
			isa = PBXNativeTarget;
			buildConfigurationList = E2F9F21F2186ABE800407321 /* Build configuration list for PBXNativeTarget "EggTimer" */;
			buildPhases = (
				E2F9F2002186ABE700407321 /* Sources */,
				E2F9F2012186ABE700407321 /* Frameworks */,
				E2F9F2022186ABE700407321 /* Resources */,
			);
			buildRules = (
			);
			dependencies = (
			);
			name = EggTimer;
			productName = EggTimer;
			productReference = E2F9F2042186ABE700407321 /* EggTimer.app */;
			productType = "com.apple.product-type.application";
		};
		E2F9F2152186ABE800407321 /* EggTimerTests */ = {
			isa = PBXNativeTarget;
			buildConfigurationList = E2F9F2222186ABE800407321 /* Build configuration list for PBXNativeTarget "EggTimerTests" */;
			buildPhases = (
				E2F9F2122186ABE800407321 /* Sources */,
				E2F9F2132186ABE800407321 /* Frameworks */,
				E2F9F2142186ABE800407321 /* Resources */,
			);
			buildRules = (
			);
			dependencies = (
				E2F9F2182186ABE800407321 /* PBXTargetDependency */,
			);
			name = EggTimerTests;
			productName = EggTimerTests;
			productReference = E2F9F2162186ABE800407321 /* EggTimerTests.xctest */;
			productType = "com.apple.product-type.bundle.unit-test";
		};
/* End PBXNativeTarget section */

/* Begin PBXProject section */
		E2F9F1FC2186ABE700407321 /* Project object */ = {
			isa = PBXProject;
			attributes = {
				LastSwiftUpdateCheck = 1000;
				LastUpgradeCheck = 1000;
				ORGANIZATIONNAME = macintosh;
				TargetAttributes = {
					E2F9F2032186ABE700407321 = {
						CreatedOnToolsVersion = 10.0;
					};
					E2F9F2152186ABE800407321 = {
						CreatedOnToolsVersion = 10.0;
						TestTargetID = E2F9F2032186ABE700407321;
					};
				};
			};
			buildConfigurationList = E2F9F1FF2186ABE700407321 /* Build configuration list for PBXProject "EggTimer" */;
			compatibilityVersion = "Xcode 9.3";
			developmentRegion = en;
			hasScannedForEncodings = 0;
			knownRegions = (
				en,
				Base,
			);
			mainGroup = E2F9F1FB2186ABE700407321;
			productRefGroup = E2F9F2052186ABE700407321 /* Products */;
			projectDirPath = "";
			projectRoot = "";
			targets = (
				E2F9F2032186ABE700407321 /* EggTimer */,
				E2F9F2152186ABE800407321 /* EggTimerTests */,
			);
		};
/* End PBXProject section */

/* Begin PBXResourcesBuildPhase section */
		E2F9F2022186ABE700407321 /* Resources */ = {
			isa = PBXResourcesBuildPhase;
			buildActionMask = 2147483647;
			files = (
				E202958F2186F8FF0038FCE0 /* ding.mp3 in Resources */,
				E2F9F20C2186ABE800407321 /* Assets.xcassets in Resources */,
				E2F9F20F2186ABE800407321 /* Main.storyboard in Resources */,
				E20295882186D9A20038FCE0 /* Info.plist in Resources */,
			);
			runOnlyForDeploymentPostprocessing = 0;
		};
		E2F9F2142186ABE800407321 /* Resources */ = {
			isa = PBXResourcesBuildPhase;
			buildActionMask = 2147483647;
			files = (
			);
			runOnlyForDeploymentPostprocessing = 0;
		};
/* End PBXResourcesBuildPhase section */

/* Begin PBXSourcesBuildPhase section */
		E2F9F2002186ABE700407321 /* Sources */ = {
			isa = PBXSourcesBuildPhase;
			buildActionMask = 2147483647;
			files = (
				E2F9F20A2186ABE700407321 /* ViewController.swift in Sources */,
				E202958B2186DA240038FCE0 /* EggTimer.swift in Sources */,
				E202958D2186F2E10038FCE0 /* Preferences.swift in Sources */,
				E20295812186D0660038FCE0 /* PrefsViewController.swift in Sources */,
				E2F9F2082186ABE700407321 /* AppDelegate.swift in Sources */,
			);
			runOnlyForDeploymentPostprocessing = 0;
		};
		E2F9F2122186ABE800407321 /* Sources */ = {
			isa = PBXSourcesBuildPhase;
			buildActionMask = 2147483647;
			files = (
				E2F9F21B2186ABE800407321 /* EggTimerTests.swift in Sources */,
			);
			runOnlyForDeploymentPostprocessing = 0;
		};
/* End PBXSourcesBuildPhase section */

/* Begin PBXTargetDependency section */
		E2F9F2182186ABE800407321 /* PBXTargetDependency */ = {
			isa = PBXTargetDependency;
			target = E2F9F2032186ABE700407321 /* EggTimer */;
			targetProxy = E2F9F2172186ABE800407321 /* PBXContainerItemProxy */;
		};
/* End PBXTargetDependency section */

/* Begin PBXVariantGroup section */
		E2F9F20D2186ABE800407321 /* Main.storyboard */ = {
			isa = PBXVariantGroup;
			children = (
				E2F9F20E2186ABE800407321 /* Base */,
			);
			name = Main.storyboard;
			sourceTree = "<group>";
		};
/* End PBXVariantGroup section */

/* Begin XCBuildConfiguration section */
		E2F9F21D2186ABE800407321 /* Debug */ = {
			isa = XCBuildConfiguration;
			buildSettings = {
				ALWAYS_SEARCH_USER_PATHS = NO;
				CLANG_ANALYZER_NONNULL = YES;
				CLANG_ANALYZER_NUMBER_OBJECT_CONVERSION = YES_AGGRESSIVE;
				CLANG_CXX_LANGUAGE_STANDARD = "gnu++14";
				CLANG_CXX_LIBRARY = "libc++";
				CLANG_ENABLE_MODULES = YES;
				CLANG_ENABLE_OBJC_ARC = YES;
				CLANG_ENABLE_OBJC_WEAK = YES;
				CLANG_WARN_BLOCK_CAPTURE_AUTORELEASING = YES;
				CLANG_WARN_BOOL_CONVERSION = YES;
				CLANG_WARN_COMMA = YES;
				CLANG_WARN_CONSTANT_CONVERSION = YES;
				CLANG_WARN_DEPRECATED_OBJC_IMPLEMENTATIONS = YES;
				CLANG_WARN_DIRECT_OBJC_ISA_USAGE = YES_ERROR;
				CLANG_WARN_DOCUMENTATION_COMMENTS = YES;
				CLANG_WARN_EMPTY_BODY = YES;
				CLANG_WARN_ENUM_CONVERSION = YES;
				CLANG_WARN_INFINITE_RECURSION = YES;
				CLANG_WARN_INT_CONVERSION = YES;
				CLANG_WARN_NON_LITERAL_NULL_CONVERSION = YES;
				CLANG_WARN_OBJC_IMPLICIT_RETAIN_SELF = YES;
				CLANG_WARN_OBJC_LITERAL_CONVERSION = YES;
				CLANG_WARN_OBJC_ROOT_CLASS = YES_ERROR;
				CLANG_WARN_RANGE_LOOP_ANALYSIS = YES;
				CLANG_WARN_STRICT_PROTOTYPES = YES;
				CLANG_WARN_SUSPICIOUS_MOVE = YES;
				CLANG_WARN_UNGUARDED_AVAILABILITY = YES_AGGRESSIVE;
				CLANG_WARN_UNREACHABLE_CODE = YES;
				CLANG_WARN__DUPLICATE_METHOD_MATCH = YES;
				CODE_SIGN_IDENTITY = "-";
				COPY_PHASE_STRIP = NO;
				DEBUG_INFORMATION_FORMAT = dwarf;
				ENABLE_STRICT_OBJC_MSGSEND = YES;
				ENABLE_TESTABILITY = YES;
				GCC_C_LANGUAGE_STANDARD = gnu11;
				GCC_DYNAMIC_NO_PIC = NO;
				GCC_NO_COMMON_BLOCKS = YES;
				GCC_OPTIMIZATION_LEVEL = 0;
				GCC_PREPROCESSOR_DEFINITIONS = (
					"DEBUG=1",
					"$(inherited)",
				);
				GCC_WARN_64_TO_32_BIT_CONVERSION = YES;
				GCC_WARN_ABOUT_RETURN_TYPE = YES_ERROR;
				GCC_WARN_UNDECLARED_SELECTOR = YES;
				GCC_WARN_UNINITIALIZED_AUTOS = YES_AGGRESSIVE;
				GCC_WARN_UNUSED_FUNCTION = YES;
				GCC_WARN_UNUSED_VARIABLE = YES;
				MACOSX_DEPLOYMENT_TARGET = 10.14;
				MTL_ENABLE_DEBUG_INFO = INCLUDE_SOURCE;
				MTL_FAST_MATH = YES;
				ONLY_ACTIVE_ARCH = YES;
				SDKROOT = macosx;
				SWIFT_ACTIVE_COMPILATION_CONDITIONS = DEBUG;
				SWIFT_OPTIMIZATION_LEVEL = "-Onone";
			};
			name = Debug;
		};
		E2F9F21E2186ABE800407321 /* Release */ = {
			isa = XCBuildConfiguration;
			buildSettings = {
				ALWAYS_SEARCH_USER_PATHS = NO;
				CLANG_ANALYZER_NONNULL = YES;
				CLANG_ANALYZER_NUMBER_OBJECT_CONVERSION = YES_AGGRESSIVE;
				CLANG_CXX_LANGUAGE_STANDARD = "gnu++14";
				CLANG_CXX_LIBRARY = "libc++";
				CLANG_ENABLE_MODULES = YES;
				CLANG_ENABLE_OBJC_ARC = YES;
				CLANG_ENABLE_OBJC_WEAK = YES;
				CLANG_WARN_BLOCK_CAPTURE_AUTORELEASING = YES;
				CLANG_WARN_BOOL_CONVERSION = YES;
				CLANG_WARN_COMMA = YES;
				CLANG_WARN_CONSTANT_CONVERSION = YES;
				CLANG_WARN_DEPRECATED_OBJC_IMPLEMENTATIONS = YES;
				CLANG_WARN_DIRECT_OBJC_ISA_USAGE = YES_ERROR;
				CLANG_WARN_DOCUMENTATION_COMMENTS = YES;
				CLANG_WARN_EMPTY_BODY = YES;
				CLANG_WARN_ENUM_CONVERSION = YES;
				CLANG_WARN_INFINITE_RECURSION = YES;
				CLANG_WARN_INT_CONVERSION = YES;
				CLANG_WARN_NON_LITERAL_NULL_CONVERSION = YES;
				CLANG_WARN_OBJC_IMPLICIT_RETAIN_SELF = YES;
				CLANG_WARN_OBJC_LITERAL_CONVERSION = YES;
				CLANG_WARN_OBJC_ROOT_CLASS = YES_ERROR;
				CLANG_WARN_RANGE_LOOP_ANALYSIS = YES;
				CLANG_WARN_STRICT_PROTOTYPES = YES;
				CLANG_WARN_SUSPICIOUS_MOVE = YES;
				CLANG_WARN_UNGUARDED_AVAILABILITY = YES_AGGRESSIVE;
				CLANG_WARN_UNREACHABLE_CODE = YES;
				CLANG_WARN__DUPLICATE_METHOD_MATCH = YES;
				CODE_SIGN_IDENTITY = "-";
				COPY_PHASE_STRIP = NO;
				DEBUG_INFORMATION_FORMAT = "dwarf-with-dsym";
				ENABLE_NS_ASSERTIONS = NO;
				ENABLE_STRICT_OBJC_MSGSEND = YES;
				GCC_C_LANGUAGE_STANDARD = gnu11;
				GCC_NO_COMMON_BLOCKS = YES;
				GCC_WARN_64_TO_32_BIT_CONVERSION = YES;
				GCC_WARN_ABOUT_RETURN_TYPE = YES_ERROR;
				GCC_WARN_UNDECLARED_SELECTOR = YES;
				GCC_WARN_UNINITIALIZED_AUTOS = YES_AGGRESSIVE;
				GCC_WARN_UNUSED_FUNCTION = YES;
				GCC_WARN_UNUSED_VARIABLE = YES;
				MACOSX_DEPLOYMENT_TARGET = 10.14;
				MTL_ENABLE_DEBUG_INFO = NO;
				MTL_FAST_MATH = YES;
				SDKROOT = macosx;
				SWIFT_COMPILATION_MODE = wholemodule;
				SWIFT_OPTIMIZATION_LEVEL = "-O";
			};
			name = Release;
		};
		E2F9F2202186ABE800407321 /* Debug */ = {
			isa = XCBuildConfiguration;
			buildSettings = {
				ASSETCATALOG_COMPILER_APPICON_NAME = AppIcon;
				CODE_SIGN_ENTITLEMENTS = EggTimer/EggTimer.entitlements;
				CODE_SIGN_STYLE = Automatic;
				COMBINE_HIDPI_IMAGES = YES;
				DEVELOPMENT_TEAM = "";
				INFOPLIST_FILE = "$(SRCROOT)/EggTimer/SupportingFiles/Info.plist";
				LD_RUNPATH_SEARCH_PATHS = (
					"$(inherited)",
					"@executable_path/../Frameworks",
				);
				PRODUCT_BUNDLE_IDENTIFIER = com.difang.EggTimer;
				PRODUCT_NAME = "$(TARGET_NAME)";
				SWIFT_VERSION = 4.2;
			};
			name = Debug;
		};
		E2F9F2212186ABE800407321 /* Release */ = {
			isa = XCBuildConfiguration;
			buildSettings = {
				ASSETCATALOG_COMPILER_APPICON_NAME = AppIcon;
				CODE_SIGN_ENTITLEMENTS = EggTimer/EggTimer.entitlements;
				CODE_SIGN_STYLE = Automatic;
				COMBINE_HIDPI_IMAGES = YES;
				DEVELOPMENT_TEAM = "";
				INFOPLIST_FILE = "$(SRCROOT)/EggTimer/SupportingFiles/Info.plist";
				LD_RUNPATH_SEARCH_PATHS = (
					"$(inherited)",
					"@executable_path/../Frameworks",
				);
				PRODUCT_BUNDLE_IDENTIFIER = com.difang.EggTimer;
				PRODUCT_NAME = "$(TARGET_NAME)";
				SWIFT_VERSION = 4.2;
			};
			name = Release;
		};
		E2F9F2232186ABE800407321 /* Debug */ = {
			isa = XCBuildConfiguration;
			buildSettings = {
				ALWAYS_EMBED_SWIFT_STANDARD_LIBRARIES = YES;
				BUNDLE_LOADER = "$(TEST_HOST)";
				CODE_SIGN_STYLE = Automatic;
				COMBINE_HIDPI_IMAGES = YES;
				INFOPLIST_FILE = EggTimerTests/Info.plist;
				LD_RUNPATH_SEARCH_PATHS = (
					"$(inherited)",
					"@executable_path/../Frameworks",
					"@loader_path/../Frameworks",
				);
				PRODUCT_BUNDLE_IDENTIFIER = com.difang.EggTimerTests;
				PRODUCT_NAME = "$(TARGET_NAME)";
				SWIFT_VERSION = 4.2;
				TEST_HOST = "$(BUILT_PRODUCTS_DIR)/EggTimer.app/Contents/MacOS/EggTimer";
			};
			name = Debug;
		};
		E2F9F2242186ABE800407321 /* Release */ = {
			isa = XCBuildConfiguration;
			buildSettings = {
				ALWAYS_EMBED_SWIFT_STANDARD_LIBRARIES = YES;
				BUNDLE_LOADER = "$(TEST_HOST)";
				CODE_SIGN_STYLE = Automatic;
				COMBINE_HIDPI_IMAGES = YES;
				INFOPLIST_FILE = EggTimerTests/Info.plist;
				LD_RUNPATH_SEARCH_PATHS = (
					"$(inherited)",
					"@executable_path/../Frameworks",
					"@loader_path/../Frameworks",
				);
				PRODUCT_BUNDLE_IDENTIFIER = com.difang.EggTimerTests;
				PRODUCT_NAME = "$(TARGET_NAME)";
				SWIFT_VERSION = 4.2;
				TEST_HOST = "$(BUILT_PRODUCTS_DIR)/EggTimer.app/Contents/MacOS/EggTimer";
			};
			name = Release;
		};
/* End XCBuildConfiguration section */

/* Begin XCConfigurationList section */
		E2F9F1FF2186ABE700407321 /* Build configuration list for PBXProject "EggTimer" */ = {
			isa = XCConfigurationList;
			buildConfigurations = (
				E2F9F21D2186ABE800407321 /* Debug */,
				E2F9F21E2186ABE800407321 /* Release */,
			);
			defaultConfigurationIsVisible = 0;
			defaultConfigurationName = Release;
		};
		E2F9F21F2186ABE800407321 /* Build configuration list for PBXNativeTarget "EggTimer" */ = {
			isa = XCConfigurationList;
			buildConfigurations = (
				E2F9F2202186ABE800407321 /* Debug */,
				E2F9F2212186ABE800407321 /* Release */,
			);
			defaultConfigurationIsVisible = 0;
			defaultConfigurationName = Release;
		};
		E2F9F2222186ABE800407321 /* Build configuration list for PBXNativeTarget "EggTimerTests" */ = {
			isa = XCConfigurationList;
			buildConfigurations = (
				E2F9F2232186ABE800407321 /* Debug */,
				E2F9F2242186ABE800407321 /* Release */,
			);
			defaultConfigurationIsVisible = 0;
			defaultConfigurationName = Release;
		};
/* End XCConfigurationList section */
	};
	rootObject = E2F9F1FC2186ABE700407321 /* Project object */;
}
